// !$*UTF8*$!
{
	archiveVersion = 1;
	classes = {
	};
	objectVersion = 56;
	objects = {

/* Begin PBXBuildFile section */
		273520E62DD78C9F000B2A64 /* TaskSwiftApp.swift in Sources */ = {isa = PBXBuildFile; fileRef = 273520E52DD78C9F000B2A64 /* TaskSwiftApp.swift */; };
		273520EA2DD78C9F000B2A64 /* Item.swift in Sources */ = {isa = PBXBuildFile; fileRef = 273520E92DD78C9F000B2A64 /* Item.swift */; };
		273520EC2DD78CA0000B2A64 /* Assets.xcassets in Resources */ = {isa = PBXBuildFile; fileRef = 273520EB2DD78CA0000B2A64 /* Assets.xcassets */; };
		273520EF2DD78CA0000B2A64 /* Preview Assets.xcassets in Resources */ = {isa = PBXBuildFile; fileRef = 273520EE2DD78CA0000B2A64 /* Preview Assets.xcassets */; };
		273520F92DD78CA1000B2A64 /* TaskSwiftTests.swift in Sources */ = {isa = PBXBuildFile; fileRef = 273520F82DD78CA1000B2A64 /* TaskSwiftTests.swift */; };
		273521032DD78CA1000B2A64 /* TaskSwiftUITests.swift in Sources */ = {isa = PBXBuildFile; fileRef = 273521022DD78CA1000B2A64 /* TaskSwiftUITests.swift */; };
		273521052DD78CA1000B2A64 /* TaskSwiftUITestsLaunchTests.swift in Sources */ = {isa = PBXBuildFile; fileRef = 273521042DD78CA1000B2A64 /* TaskSwiftUITestsLaunchTests.swift */; };
		273521182DD78D18000B2A64 /* AddTaskView.swift in Sources */ = {isa = PBXBuildFile; fileRef = 273521112DD78D18000B2A64 /* AddTaskView.swift */; };
		273521192DD78D18000B2A64 /* TaskManager.swift in Sources */ = {isa = PBXBuildFile; fileRef = 273521122DD78D18000B2A64 /* TaskManager.swift */; };
		2735211A2DD78D18000B2A64 /* SettingsView.swift in Sources */ = {isa = PBXBuildFile; fileRef = 273521132DD78D18000B2A64 /* SettingsView.swift */; };
		2735211B2DD78D18000B2A64 /* FinishedTasksView.swift in Sources */ = {isa = PBXBuildFile; fileRef = 273521142DD78D18000B2A64 /* FinishedTasksView.swift */; };
		2735211C2DD78D18000B2A64 /* ActiveTasksView.swift in Sources */ = {isa = PBXBuildFile; fileRef = 273521152DD78D18000B2A64 /* ActiveTasksView.swift */; };
		2735211D2DD78D18000B2A64 /* Task.swift in Sources */ = {isa = PBXBuildFile; fileRef = 273521162DD78D18000B2A64 /* Task.swift */; };
		2735211E2DD78D18000B2A64 /* HomeView.swift in Sources */ = {isa = PBXBuildFile; fileRef = 273521172DD78D18000B2A64 /* HomeView.swift */; };
		CC319F0A2DD79F1000AA2CB3 /* TaskCard.swift in Sources */ = {isa = PBXBuildFile; fileRef = CC319F082DD79F1000AA2CB3 /* TaskCard.swift */; };
		CC319F0B2DD79F1000AA2CB3 /* TaskDetailView.swift in Sources */ = {isa = PBXBuildFile; fileRef = CC319F092DD79F1000AA2CB3 /* TaskDetailView.swift */; };
		CC319F0C2DD79F1000AA2CB3 /* GoalView.swift in Sources */ = {isa = PBXBuildFile; fileRef = CC319F072DD79F1000AA2CB3 /* GoalView.swift */; };
		CC319F0E2DD85E6E00AA2CB3 /* GoalFormFields.swift in Sources */ = {isa = PBXBuildFile; fileRef = CC319F0D2DD85E6E00AA2CB3 /* GoalFormFields.swift */; };
		CC319F102DD86DE700AA2CB3 /* Hex.swift in Sources */ = {isa = PBXBuildFile; fileRef = CC319F0F2DD86DE700AA2CB3 /* Hex.swift */; };
/* End PBXBuildFile section */

/* Begin PBXContainerItemProxy section */
		273520F52DD78CA1000B2A64 /* PBXContainerItemProxy */ = {
			isa = PBXContainerItemProxy;
			containerPortal = 273520DA2DD78C9F000B2A64 /* Project object */;
			proxyType = 1;
			remoteGlobalIDString = 273520E12DD78C9F000B2A64;
			remoteInfo = TaskSwift;
		};
		273520FF2DD78CA1000B2A64 /* PBXContainerItemProxy */ = {
			isa = PBXContainerItemProxy;
			containerPortal = 273520DA2DD78C9F000B2A64 /* Project object */;
			proxyType = 1;
			remoteGlobalIDString = 273520E12DD78C9F000B2A64;
			remoteInfo = TaskSwift;
		};
/* End PBXContainerItemProxy section */

/* Begin PBXFileReference section */
		273520E22DD78C9F000B2A64 /* TaskSwift.app */ = {isa = PBXFileReference; explicitFileType = wrapper.application; includeInIndex = 0; path = TaskSwift.app; sourceTree = BUILT_PRODUCTS_DIR; };
		273520E52DD78C9F000B2A64 /* TaskSwiftApp.swift */ = {isa = PBXFileReference; lastKnownFileType = sourcecode.swift; path = TaskSwiftApp.swift; sourceTree = "<group>"; };
		273520E92DD78C9F000B2A64 /* Item.swift */ = {isa = PBXFileReference; lastKnownFileType = sourcecode.swift; path = Item.swift; sourceTree = "<group>"; };
		273520EB2DD78CA0000B2A64 /* Assets.xcassets */ = {isa = PBXFileReference; lastKnownFileType = folder.assetcatalog; path = Assets.xcassets; sourceTree = "<group>"; };
		273520EE2DD78CA0000B2A64 /* Preview Assets.xcassets */ = {isa = PBXFileReference; lastKnownFileType = folder.assetcatalog; path = "Preview Assets.xcassets"; sourceTree = "<group>"; };
		273520F42DD78CA1000B2A64 /* TaskSwiftTests.xctest */ = {isa = PBXFileReference; explicitFileType = wrapper.cfbundle; includeInIndex = 0; path = TaskSwiftTests.xctest; sourceTree = BUILT_PRODUCTS_DIR; };
		273520F82DD78CA1000B2A64 /* TaskSwiftTests.swift */ = {isa = PBXFileReference; lastKnownFileType = sourcecode.swift; path = TaskSwiftTests.swift; sourceTree = "<group>"; };
		273520FE2DD78CA1000B2A64 /* TaskSwiftUITests.xctest */ = {isa = PBXFileReference; explicitFileType = wrapper.cfbundle; includeInIndex = 0; path = TaskSwiftUITests.xctest; sourceTree = BUILT_PRODUCTS_DIR; };
		273521022DD78CA1000B2A64 /* TaskSwiftUITests.swift */ = {isa = PBXFileReference; lastKnownFileType = sourcecode.swift; path = TaskSwiftUITests.swift; sourceTree = "<group>"; };
		273521042DD78CA1000B2A64 /* TaskSwiftUITestsLaunchTests.swift */ = {isa = PBXFileReference; lastKnownFileType = sourcecode.swift; path = TaskSwiftUITestsLaunchTests.swift; sourceTree = "<group>"; };
		273521112DD78D18000B2A64 /* AddTaskView.swift */ = {isa = PBXFileReference; fileEncoding = 4; lastKnownFileType = sourcecode.swift; path = AddTaskView.swift; sourceTree = "<group>"; };
		273521122DD78D18000B2A64 /* TaskManager.swift */ = {isa = PBXFileReference; fileEncoding = 4; lastKnownFileType = sourcecode.swift; path = TaskManager.swift; sourceTree = "<group>"; };
		273521132DD78D18000B2A64 /* SettingsView.swift */ = {isa = PBXFileReference; fileEncoding = 4; lastKnownFileType = sourcecode.swift; path = SettingsView.swift; sourceTree = "<group>"; };
		273521142DD78D18000B2A64 /* FinishedTasksView.swift */ = {isa = PBXFileReference; fileEncoding = 4; lastKnownFileType = sourcecode.swift; path = FinishedTasksView.swift; sourceTree = "<group>"; };
		273521152DD78D18000B2A64 /* ActiveTasksView.swift */ = {isa = PBXFileReference; fileEncoding = 4; lastKnownFileType = sourcecode.swift; path = ActiveTasksView.swift; sourceTree = "<group>"; };
		273521162DD78D18000B2A64 /* Task.swift */ = {isa = PBXFileReference; fileEncoding = 4; lastKnownFileType = sourcecode.swift; path = Task.swift; sourceTree = "<group>"; };
		273521172DD78D18000B2A64 /* HomeView.swift */ = {isa = PBXFileReference; fileEncoding = 4; lastKnownFileType = sourcecode.swift; path = HomeView.swift; sourceTree = "<group>"; };
		CC319F072DD79F1000AA2CB3 /* GoalView.swift */ = {isa = PBXFileReference; lastKnownFileType = sourcecode.swift; path = GoalView.swift; sourceTree = "<group>"; };
		CC319F082DD79F1000AA2CB3 /* TaskCard.swift */ = {isa = PBXFileReference; lastKnownFileType = sourcecode.swift; path = TaskCard.swift; sourceTree = "<group>"; };
		CC319F092DD79F1000AA2CB3 /* TaskDetailView.swift */ = {isa = PBXFileReference; lastKnownFileType = sourcecode.swift; path = TaskDetailView.swift; sourceTree = "<group>"; };
		CC319F0D2DD85E6E00AA2CB3 /* GoalFormFields.swift */ = {isa = PBXFileReference; lastKnownFileType = sourcecode.swift; path = GoalFormFields.swift; sourceTree = "<group>"; };
		CC319F0F2DD86DE700AA2CB3 /* Hex.swift */ = {isa = PBXFileReference; lastKnownFileType = sourcecode.swift; path = Hex.swift; sourceTree = "<group>"; };
/* End PBXFileReference section */

/* Begin PBXFrameworksBuildPhase section */
		273520DF2DD78C9F000B2A64 /* Frameworks */ = {
			isa = PBXFrameworksBuildPhase;
			buildActionMask = 2147483647;
			files = (
			);
			runOnlyForDeploymentPostprocessing = 0;
		};
		273520F12DD78CA1000B2A64 /* Frameworks */ = {
			isa = PBXFrameworksBuildPhase;
			buildActionMask = 2147483647;
			files = (
			);
			runOnlyForDeploymentPostprocessing = 0;
		};
		273520FB2DD78CA1000B2A64 /* Frameworks */ = {
			isa = PBXFrameworksBuildPhase;
			buildActionMask = 2147483647;
			files = (
			);
			runOnlyForDeploymentPostprocessing = 0;
		};
/* End PBXFrameworksBuildPhase section */

/* Begin PBXGroup section */
		273520D92DD78C9F000B2A64 = {
			isa = PBXGroup;
			children = (
				273520E42DD78C9F000B2A64 /* TaskSwift */,
				273520F72DD78CA1000B2A64 /* TaskSwiftTests */,
				273521012DD78CA1000B2A64 /* TaskSwiftUITests */,
				273520E32DD78C9F000B2A64 /* Products */,
			);
			sourceTree = "<group>";
		};
		273520E32DD78C9F000B2A64 /* Products */ = {
			isa = PBXGroup;
			children = (
				273520E22DD78C9F000B2A64 /* TaskSwift.app */,
				273520F42DD78CA1000B2A64 /* TaskSwiftTests.xctest */,
				273520FE2DD78CA1000B2A64 /* TaskSwiftUITests.xctest */,
			);
			name = Products;
			sourceTree = "<group>";
		};
		273520E42DD78C9F000B2A64 /* TaskSwift */ = {
			isa = PBXGroup;
			children = (
				CC319F0D2DD85E6E00AA2CB3 /* GoalFormFields.swift */,
				CC319F072DD79F1000AA2CB3 /* GoalView.swift */,
				CC319F082DD79F1000AA2CB3 /* TaskCard.swift */,
				CC319F0F2DD86DE700AA2CB3 /* Hex.swift */,
				CC319F092DD79F1000AA2CB3 /* TaskDetailView.swift */,
				273520E52DD78C9F000B2A64 /* TaskSwiftApp.swift */,
				273521152DD78D18000B2A64 /* ActiveTasksView.swift */,
				273521112DD78D18000B2A64 /* AddTaskView.swift */,
				273521142DD78D18000B2A64 /* FinishedTasksView.swift */,
				273521172DD78D18000B2A64 /* HomeView.swift */,
				273521132DD78D18000B2A64 /* SettingsView.swift */,
				273521162DD78D18000B2A64 /* Task.swift */,
				273521122DD78D18000B2A64 /* TaskManager.swift */,
				273520E92DD78C9F000B2A64 /* Item.swift */,
				273520EB2DD78CA0000B2A64 /* Assets.xcassets */,
				273520ED2DD78CA0000B2A64 /* Preview Content */,
			);
			path = TaskSwift;
			sourceTree = "<group>";
		};
		273520ED2DD78CA0000B2A64 /* Preview Content */ = {
			isa = PBXGroup;
			children = (
				273520EE2DD78CA0000B2A64 /* Preview Assets.xcassets */,
			);
			path = "Preview Content";
			sourceTree = "<group>";
		};
		273520F72DD78CA1000B2A64 /* TaskSwiftTests */ = {
			isa = PBXGroup;
			children = (
				273520F82DD78CA1000B2A64 /* TaskSwiftTests.swift */,
			);
			path = TaskSwiftTests;
			sourceTree = "<group>";
		};
		273521012DD78CA1000B2A64 /* TaskSwiftUITests */ = {
			isa = PBXGroup;
			children = (
				273521022DD78CA1000B2A64 /* TaskSwiftUITests.swift */,
				273521042DD78CA1000B2A64 /* TaskSwiftUITestsLaunchTests.swift */,
			);
			path = TaskSwiftUITests;
			sourceTree = "<group>";
		};
/* End PBXGroup section */

/* Begin PBXNativeTarget section */
		273520E12DD78C9F000B2A64 /* TaskSwift */ = {
			isa = PBXNativeTarget;
			buildConfigurationList = 273521082DD78CA1000B2A64 /* Build configuration list for PBXNativeTarget "TaskSwift" */;
			buildPhases = (
				273520DE2DD78C9F000B2A64 /* Sources */,
				273520DF2DD78C9F000B2A64 /* Frameworks */,
				273520E02DD78C9F000B2A64 /* Resources */,
			);
			buildRules = (
			);
			dependencies = (
			);
			name = TaskSwift;
			productName = TaskSwift;
			productReference = 273520E22DD78C9F000B2A64 /* TaskSwift.app */;
			productType = "com.apple.product-type.application";
		};
		273520F32DD78CA1000B2A64 /* TaskSwiftTests */ = {
			isa = PBXNativeTarget;
			buildConfigurationList = 2735210B2DD78CA1000B2A64 /* Build configuration list for PBXNativeTarget "TaskSwiftTests" */;
			buildPhases = (
				273520F02DD78CA1000B2A64 /* Sources */,
				273520F12DD78CA1000B2A64 /* Frameworks */,
				273520F22DD78CA1000B2A64 /* Resources */,
			);
			buildRules = (
			);
			dependencies = (
				273520F62DD78CA1000B2A64 /* PBXTargetDependency */,
			);
			name = TaskSwiftTests;
			productName = TaskSwiftTests;
			productReference = 273520F42DD78CA1000B2A64 /* TaskSwiftTests.xctest */;
			productType = "com.apple.product-type.bundle.unit-test";
		};
		273520FD2DD78CA1000B2A64 /* TaskSwiftUITests */ = {
			isa = PBXNativeTarget;
			buildConfigurationList = 2735210E2DD78CA1000B2A64 /* Build configuration list for PBXNativeTarget "TaskSwiftUITests" */;
			buildPhases = (
				273520FA2DD78CA1000B2A64 /* Sources */,
				273520FB2DD78CA1000B2A64 /* Frameworks */,
				273520FC2DD78CA1000B2A64 /* Resources */,
			);
			buildRules = (
			);
			dependencies = (
				273521002DD78CA1000B2A64 /* PBXTargetDependency */,
			);
			name = TaskSwiftUITests;
			productName = TaskSwiftUITests;
			productReference = 273520FE2DD78CA1000B2A64 /* TaskSwiftUITests.xctest */;
			productType = "com.apple.product-type.bundle.ui-testing";
		};
/* End PBXNativeTarget section */

/* Begin PBXProject section */
		273520DA2DD78C9F000B2A64 /* Project object */ = {
			isa = PBXProject;
			attributes = {
				BuildIndependentTargetsInParallel = 1;
				LastSwiftUpdateCheck = 1540;
				LastUpgradeCheck = 1540;
				TargetAttributes = {
					273520E12DD78C9F000B2A64 = {
						CreatedOnToolsVersion = 15.4;
					};
					273520F32DD78CA1000B2A64 = {
						CreatedOnToolsVersion = 15.4;
						TestTargetID = 273520E12DD78C9F000B2A64;
					};
					273520FD2DD78CA1000B2A64 = {
						CreatedOnToolsVersion = 15.4;
						TestTargetID = 273520E12DD78C9F000B2A64;
					};
				};
			};
			buildConfigurationList = 273520DD2DD78C9F000B2A64 /* Build configuration list for PBXProject "TaskSwift" */;
			compatibilityVersion = "Xcode 14.0";
			developmentRegion = en;
			hasScannedForEncodings = 0;
			knownRegions = (
				en,
				Base,
			);
			mainGroup = 273520D92DD78C9F000B2A64;
			productRefGroup = 273520E32DD78C9F000B2A64 /* Products */;
			projectDirPath = "";
			projectRoot = "";
			targets = (
				273520E12DD78C9F000B2A64 /* TaskSwift */,
				273520F32DD78CA1000B2A64 /* TaskSwiftTests */,
				273520FD2DD78CA1000B2A64 /* TaskSwiftUITests */,
			);
		};
/* End PBXProject section */

/* Begin PBXResourcesBuildPhase section */
		273520E02DD78C9F000B2A64 /* Resources */ = {
			isa = PBXResourcesBuildPhase;
			buildActionMask = 2147483647;
			files = (
				273520EF2DD78CA0000B2A64 /* Preview Assets.xcassets in Resources */,
				273520EC2DD78CA0000B2A64 /* Assets.xcassets in Resources */,
			);
			runOnlyForDeploymentPostprocessing = 0;
		};
		273520F22DD78CA1000B2A64 /* Resources */ = {
			isa = PBXResourcesBuildPhase;
			buildActionMask = 2147483647;
			files = (
			);
			runOnlyForDeploymentPostprocessing = 0;
		};
		273520FC2DD78CA1000B2A64 /* Resources */ = {
			isa = PBXResourcesBuildPhase;
			buildActionMask = 2147483647;
			files = (
			);
			runOnlyForDeploymentPostprocessing = 0;
		};
/* End PBXResourcesBuildPhase section */

/* Begin PBXSourcesBuildPhase section */
		273520DE2DD78C9F000B2A64 /* Sources */ = {
			isa = PBXSourcesBuildPhase;
			buildActionMask = 2147483647;
			files = (
				273520EA2DD78C9F000B2A64 /* Item.swift in Sources */,
				2735211B2DD78D18000B2A64 /* FinishedTasksView.swift in Sources */,
				2735211E2DD78D18000B2A64 /* HomeView.swift in Sources */,
				273521192DD78D18000B2A64 /* TaskManager.swift in Sources */,
				2735211A2DD78D18000B2A64 /* SettingsView.swift in Sources */,
				2735211C2DD78D18000B2A64 /* ActiveTasksView.swift in Sources */,
				273520E62DD78C9F000B2A64 /* TaskSwiftApp.swift in Sources */,
				CC319F0E2DD85E6E00AA2CB3 /* GoalFormFields.swift in Sources */,
				2735211D2DD78D18000B2A64 /* Task.swift in Sources */,
				273521182DD78D18000B2A64 /* AddTaskView.swift in Sources */,
				CC319F0A2DD79F1000AA2CB3 /* TaskCard.swift in Sources */,
				CC319F0B2DD79F1000AA2CB3 /* TaskDetailView.swift in Sources */,
				CC319F0C2DD79F1000AA2CB3 /* GoalView.swift in Sources */,
				CC319F102DD86DE700AA2CB3 /* Hex.swift in Sources */,
			);
			runOnlyForDeploymentPostprocessing = 0;
		};
		273520F02DD78CA1000B2A64 /* Sources */ = {
			isa = PBXSourcesBuildPhase;
			buildActionMask = 2147483647;
			files = (
				273520F92DD78CA1000B2A64 /* TaskSwiftTests.swift in Sources */,
			);
			runOnlyForDeploymentPostprocessing = 0;
		};
		273520FA2DD78CA1000B2A64 /* Sources */ = {
			isa = PBXSourcesBuildPhase;
			buildActionMask = 2147483647;
			files = (
				273521032DD78CA1000B2A64 /* TaskSwiftUITests.swift in Sources */,
				273521052DD78CA1000B2A64 /* TaskSwiftUITestsLaunchTests.swift in Sources */,
			);
			runOnlyForDeploymentPostprocessing = 0;
		};
/* End PBXSourcesBuildPhase section */

/* Begin PBXTargetDependency section */
		273520F62DD78CA1000B2A64 /* PBXTargetDependency */ = {
			isa = PBXTargetDependency;
			target = 273520E12DD78C9F000B2A64 /* TaskSwift */;
			targetProxy = 273520F52DD78CA1000B2A64 /* PBXContainerItemProxy */;
		};
		273521002DD78CA1000B2A64 /* PBXTargetDependency */ = {
			isa = PBXTargetDependency;
			target = 273520E12DD78C9F000B2A64 /* TaskSwift */;
			targetProxy = 273520FF2DD78CA1000B2A64 /* PBXContainerItemProxy */;
		};
/* End PBXTargetDependency section */

/* Begin XCBuildConfiguration section */
		273521062DD78CA1000B2A64 /* Debug */ = {
			isa = XCBuildConfiguration;
			buildSettings = {
				ALWAYS_SEARCH_USER_PATHS = NO;
				ASSETCATALOG_COMPILER_GENERATE_SWIFT_ASSET_SYMBOL_EXTENSIONS = YES;
				CLANG_ANALYZER_NONNULL = YES;
				CLANG_ANALYZER_NUMBER_OBJECT_CONVERSION = YES_AGGRESSIVE;
				CLANG_CXX_LANGUAGE_STANDARD = "gnu++20";
				CLANG_ENABLE_MODULES = YES;
				CLANG_ENABLE_OBJC_ARC = YES;
				CLANG_ENABLE_OBJC_WEAK = YES;
				CLANG_WARN_BLOCK_CAPTURE_AUTORELEASING = YES;
				CLANG_WARN_BOOL_CONVERSION = YES;
				CLANG_WARN_COMMA = YES;
				CLANG_WARN_CONSTANT_CONVERSION = YES;
				CLANG_WARN_DEPRECATED_OBJC_IMPLEMENTATIONS = YES;
				CLANG_WARN_DIRECT_OBJC_ISA_USAGE = YES_ERROR;
				CLANG_WARN_DOCUMENTATION_COMMENTS = YES;
				CLANG_WARN_EMPTY_BODY = YES;
				CLANG_WARN_ENUM_CONVERSION = YES;
				CLANG_WARN_INFINITE_RECURSION = YES;
				CLANG_WARN_INT_CONVERSION = YES;
				CLANG_WARN_NON_LITERAL_NULL_CONVERSION = YES;
				CLANG_WARN_OBJC_IMPLICIT_RETAIN_SELF = YES;
				CLANG_WARN_OBJC_LITERAL_CONVERSION = YES;
				CLANG_WARN_OBJC_ROOT_CLASS = YES_ERROR;
				CLANG_WARN_QUOTED_INCLUDE_IN_FRAMEWORK_HEADER = YES;
				CLANG_WARN_RANGE_LOOP_ANALYSIS = YES;
				CLANG_WARN_STRICT_PROTOTYPES = YES;
				CLANG_WARN_SUSPICIOUS_MOVE = YES;
				CLANG_WARN_UNGUARDED_AVAILABILITY = YES_AGGRESSIVE;
				CLANG_WARN_UNREACHABLE_CODE = YES;
				CLANG_WARN__DUPLICATE_METHOD_MATCH = YES;
				COPY_PHASE_STRIP = NO;
				DEBUG_INFORMATION_FORMAT = dwarf;
				ENABLE_STRICT_OBJC_MSGSEND = YES;
				ENABLE_TESTABILITY = YES;
				ENABLE_USER_SCRIPT_SANDBOXING = YES;
				GCC_C_LANGUAGE_STANDARD = gnu17;
				GCC_DYNAMIC_NO_PIC = NO;
				GCC_NO_COMMON_BLOCKS = YES;
				GCC_OPTIMIZATION_LEVEL = 0;
				GCC_PREPROCESSOR_DEFINITIONS = (
					"DEBUG=1",
					"$(inherited)",
				);
				GCC_WARN_64_TO_32_BIT_CONVERSION = YES;
				GCC_WARN_ABOUT_RETURN_TYPE = YES_ERROR;
				GCC_WARN_UNDECLARED_SELECTOR = YES;
				GCC_WARN_UNINITIALIZED_AUTOS = YES_AGGRESSIVE;
				GCC_WARN_UNUSED_FUNCTION = YES;
				GCC_WARN_UNUSED_VARIABLE = YES;
				IPHONEOS_DEPLOYMENT_TARGET = 17.5;
				LOCALIZATION_PREFERS_STRING_CATALOGS = YES;
				MTL_ENABLE_DEBUG_INFO = INCLUDE_SOURCE;
				MTL_FAST_MATH = YES;
				ONLY_ACTIVE_ARCH = YES;
				SDKROOT = iphoneos;
				SWIFT_ACTIVE_COMPILATION_CONDITIONS = "DEBUG $(inherited)";
				SWIFT_OPTIMIZATION_LEVEL = "-Onone";
			};
			name = Debug;
		};
		273521072DD78CA1000B2A64 /* Release */ = {
			isa = XCBuildConfiguration;
			buildSettings = {
				ALWAYS_SEARCH_USER_PATHS = NO;
				ASSETCATALOG_COMPILER_GENERATE_SWIFT_ASSET_SYMBOL_EXTENSIONS = YES;
				CLANG_ANALYZER_NONNULL = YES;
				CLANG_ANALYZER_NUMBER_OBJECT_CONVERSION = YES_AGGRESSIVE;
				CLANG_CXX_LANGUAGE_STANDARD = "gnu++20";
				CLANG_ENABLE_MODULES = YES;
				CLANG_ENABLE_OBJC_ARC = YES;
				CLANG_ENABLE_OBJC_WEAK = YES;
				CLANG_WARN_BLOCK_CAPTURE_AUTORELEASING = YES;
				CLANG_WARN_BOOL_CONVERSION = YES;
				CLANG_WARN_COMMA = YES;
				CLANG_WARN_CONSTANT_CONVERSION = YES;
				CLANG_WARN_DEPRECATED_OBJC_IMPLEMENTATIONS = YES;
				CLANG_WARN_DIRECT_OBJC_ISA_USAGE = YES_ERROR;
				CLANG_WARN_DOCUMENTATION_COMMENTS = YES;
				CLANG_WARN_EMPTY_BODY = YES;
				CLANG_WARN_ENUM_CONVERSION = YES;
				CLANG_WARN_INFINITE_RECURSION = YES;
				CLANG_WARN_INT_CONVERSION = YES;
				CLANG_WARN_NON_LITERAL_NULL_CONVERSION = YES;
				CLANG_WARN_OBJC_IMPLICIT_RETAIN_SELF = YES;
				CLANG_WARN_OBJC_LITERAL_CONVERSION = YES;
				CLANG_WARN_OBJC_ROOT_CLASS = YES_ERROR;
				CLANG_WARN_QUOTED_INCLUDE_IN_FRAMEWORK_HEADER = YES;
				CLANG_WARN_RANGE_LOOP_ANALYSIS = YES;
				CLANG_WARN_STRICT_PROTOTYPES = YES;
				CLANG_WARN_SUSPICIOUS_MOVE = YES;
				CLANG_WARN_UNGUARDED_AVAILABILITY = YES_AGGRESSIVE;
				CLANG_WARN_UNREACHABLE_CODE = YES;
				CLANG_WARN__DUPLICATE_METHOD_MATCH = YES;
				COPY_PHASE_STRIP = NO;
				DEBUG_INFORMATION_FORMAT = "dwarf-with-dsym";
				ENABLE_NS_ASSERTIONS = NO;
				ENABLE_STRICT_OBJC_MSGSEND = YES;
				ENABLE_USER_SCRIPT_SANDBOXING = YES;
				GCC_C_LANGUAGE_STANDARD = gnu17;
				GCC_NO_COMMON_BLOCKS = YES;
				GCC_WARN_64_TO_32_BIT_CONVERSION = YES;
				GCC_WARN_ABOUT_RETURN_TYPE = YES_ERROR;
				GCC_WARN_UNDECLARED_SELECTOR = YES;
				GCC_WARN_UNINITIALIZED_AUTOS = YES_AGGRESSIVE;
				GCC_WARN_UNUSED_FUNCTION = YES;
				GCC_WARN_UNUSED_VARIABLE = YES;
				IPHONEOS_DEPLOYMENT_TARGET = 17.5;
				LOCALIZATION_PREFERS_STRING_CATALOGS = YES;
				MTL_ENABLE_DEBUG_INFO = NO;
				MTL_FAST_MATH = YES;
				SDKROOT = iphoneos;
				SWIFT_COMPILATION_MODE = wholemodule;
				VALIDATE_PRODUCT = YES;
			};
			name = Release;
		};
		273521092DD78CA1000B2A64 /* Debug */ = {
			isa = XCBuildConfiguration;
			buildSettings = {
				ASSETCATALOG_COMPILER_APPICON_NAME = AppIcon;
				ASSETCATALOG_COMPILER_GLOBAL_ACCENT_COLOR_NAME = AccentColor;
				CODE_SIGN_STYLE = Automatic;
				CURRENT_PROJECT_VERSION = 1;
				DEVELOPMENT_ASSET_PATHS = "\"TaskSwift/Preview Content\"";
				DEVELOPMENT_TEAM = APN38VL4TU;
				ENABLE_PREVIEWS = YES;
				GENERATE_INFOPLIST_FILE = YES;
				INFOPLIST_KEY_UIApplicationSceneManifest_Generation = YES;
				INFOPLIST_KEY_UIApplicationSupportsIndirectInputEvents = YES;
				INFOPLIST_KEY_UILaunchScreen_Generation = YES;
				INFOPLIST_KEY_UISupportedInterfaceOrientations_iPad = "UIInterfaceOrientationPortrait UIInterfaceOrientationPortraitUpsideDown UIInterfaceOrientationLandscapeLeft UIInterfaceOrientationLandscapeRight";
				INFOPLIST_KEY_UISupportedInterfaceOrientations_iPhone = "UIInterfaceOrientationPortrait UIInterfaceOrientationLandscapeLeft UIInterfaceOrientationLandscapeRight";
				LD_RUNPATH_SEARCH_PATHS = (
					"$(inherited)",
					"@executable_path/Frameworks",
				);
				MARKETING_VERSION = 1.0;
				PRODUCT_BUNDLE_IDENTIFIER = com.kota.TaskSwift;
				PRODUCT_NAME = "$(TARGET_NAME)";
				SWIFT_EMIT_LOC_STRINGS = YES;
				SWIFT_VERSION = 5.0;
				TARGETED_DEVICE_FAMILY = "1,2";
			};
			name = Debug;
		};
		2735210A2DD78CA1000B2A64 /* Release */ = {
			isa = XCBuildConfiguration;
			buildSettings = {
				ASSETCATALOG_COMPILER_APPICON_NAME = AppIcon;
				ASSETCATALOG_COMPILER_GLOBAL_ACCENT_COLOR_NAME = AccentColor;
				CODE_SIGN_STYLE = Automatic;
				CURRENT_PROJECT_VERSION = 1;
				DEVELOPMENT_ASSET_PATHS = "\"TaskSwift/Preview Content\"";
				DEVELOPMENT_TEAM = APN38VL4TU;
				ENABLE_PREVIEWS = YES;
				GENERATE_INFOPLIST_FILE = YES;
				INFOPLIST_KEY_UIApplicationSceneManifest_Generation = YES;
				INFOPLIST_KEY_UIApplicationSupportsIndirectInputEvents = YES;
				INFOPLIST_KEY_UILaunchScreen_Generation = YES;
				INFOPLIST_KEY_UISupportedInterfaceOrientations_iPad = "UIInterfaceOrientationPortrait UIInterfaceOrientationPortraitUpsideDown UIInterfaceOrientationLandscapeLeft UIInterfaceOrientationLandscapeRight";
				INFOPLIST_KEY_UISupportedInterfaceOrientations_iPhone = "UIInterfaceOrientationPortrait UIInterfaceOrientationLandscapeLeft UIInterfaceOrientationLandscapeRight";
				LD_RUNPATH_SEARCH_PATHS = (
					"$(inherited)",
					"@executable_path/Frameworks",
				);
				MARKETING_VERSION = 1.0;
				PRODUCT_BUNDLE_IDENTIFIER = com.kota.TaskSwift;
				PRODUCT_NAME = "$(TARGET_NAME)";
				SWIFT_EMIT_LOC_STRINGS = YES;
				SWIFT_VERSION = 5.0;
				TARGETED_DEVICE_FAMILY = "1,2";
			};
			name = Release;
		};
		2735210C2DD78CA1000B2A64 /* Debug */ = {
			isa = XCBuildConfiguration;
			buildSettings = {
				ALWAYS_EMBED_SWIFT_STANDARD_LIBRARIES = YES;
				BUNDLE_LOADER = "$(TEST_HOST)";
				CODE_SIGN_STYLE = Automatic;
				CURRENT_PROJECT_VERSION = 1;
				DEVELOPMENT_TEAM = 56KJ47JUHG;
				GENERATE_INFOPLIST_FILE = YES;
				IPHONEOS_DEPLOYMENT_TARGET = 17.5;
				MARKETING_VERSION = 1.0;
				PRODUCT_BUNDLE_IDENTIFIER = com.kota.TaskSwiftTests;
				PRODUCT_NAME = "$(TARGET_NAME)";
				SWIFT_EMIT_LOC_STRINGS = NO;
				SWIFT_VERSION = 5.0;
				TARGETED_DEVICE_FAMILY = "1,2";
				TEST_HOST = "$(BUILT_PRODUCTS_DIR)/TaskSwift.app/$(BUNDLE_EXECUTABLE_FOLDER_PATH)/TaskSwift";
			};
			name = Debug;
		};
		2735210D2DD78CA1000B2A64 /* Release */ = {
			isa = XCBuildConfiguration;
			buildSettings = {
				ALWAYS_EMBED_SWIFT_STANDARD_LIBRARIES = YES;
				BUNDLE_LOADER = "$(TEST_HOST)";
				CODE_SIGN_STYLE = Automatic;
				CURRENT_PROJECT_VERSION = 1;
				DEVELOPMENT_TEAM = 56KJ47JUHG;
				GENERATE_INFOPLIST_FILE = YES;
				IPHONEOS_DEPLOYMENT_TARGET = 17.5;
				MARKETING_VERSION = 1.0;
				PRODUCT_BUNDLE_IDENTIFIER = com.kota.TaskSwiftTests;
				PRODUCT_NAME = "$(TARGET_NAME)";
				SWIFT_EMIT_LOC_STRINGS = NO;
				SWIFT_VERSION = 5.0;
				TARGETED_DEVICE_FAMILY = "1,2";
				TEST_HOST = "$(BUILT_PRODUCTS_DIR)/TaskSwift.app/$(BUNDLE_EXECUTABLE_FOLDER_PATH)/TaskSwift";
			};
			name = Release;
		};
		2735210F2DD78CA1000B2A64 /* Debug */ = {
			isa = XCBuildConfiguration;
			buildSettings = {
				ALWAYS_EMBED_SWIFT_STANDARD_LIBRARIES = YES;
				CODE_SIGN_STYLE = Automatic;
				CURRENT_PROJECT_VERSION = 1;
				DEVELOPMENT_TEAM = 56KJ47JUHG;
				GENERATE_INFOPLIST_FILE = YES;
				MARKETING_VERSION = 1.0;
				PRODUCT_BUNDLE_IDENTIFIER = com.kota.TaskSwiftUITests;
				PRODUCT_NAME = "$(TARGET_NAME)";
				SWIFT_EMIT_LOC_STRINGS = NO;
				SWIFT_VERSION = 5.0;
				TARGETED_DEVICE_FAMILY = "1,2";
				TEST_TARGET_NAME = TaskSwift;
			};
			name = Debug;
		};
		273521102DD78CA1000B2A64 /* Release */ = {
			isa = XCBuildConfiguration;
			buildSettings = {
				ALWAYS_EMBED_SWIFT_STANDARD_LIBRARIES = YES;
				CODE_SIGN_STYLE = Automatic;
				CURRENT_PROJECT_VERSION = 1;
				DEVELOPMENT_TEAM = 56KJ47JUHG;
				GENERATE_INFOPLIST_FILE = YES;
				MARKETING_VERSION = 1.0;
				PRODUCT_BUNDLE_IDENTIFIER = com.kota.TaskSwiftUITests;
				PRODUCT_NAME = "$(TARGET_NAME)";
				SWIFT_EMIT_LOC_STRINGS = NO;
				SWIFT_VERSION = 5.0;
				TARGETED_DEVICE_FAMILY = "1,2";
				TEST_TARGET_NAME = TaskSwift;
			};
			name = Release;
		};
/* End XCBuildConfiguration section */

/* Begin XCConfigurationList section */
		273520DD2DD78C9F000B2A64 /* Build configuration list for PBXProject "TaskSwift" */ = {
			isa = XCConfigurationList;
			buildConfigurations = (
				273521062DD78CA1000B2A64 /* Debug */,
				273521072DD78CA1000B2A64 /* Release */,
			);
			defaultConfigurationIsVisible = 0;
			defaultConfigurationName = Release;
		};
		273521082DD78CA1000B2A64 /* Build configuration list for PBXNativeTarget "TaskSwift" */ = {
			isa = XCConfigurationList;
			buildConfigurations = (
				273521092DD78CA1000B2A64 /* Debug */,
				2735210A2DD78CA1000B2A64 /* Release */,
			);
			defaultConfigurationIsVisible = 0;
			defaultConfigurationName = Release;
		};
		2735210B2DD78CA1000B2A64 /* Build configuration list for PBXNativeTarget "TaskSwiftTests" */ = {
			isa = XCConfigurationList;
			buildConfigurations = (
				2735210C2DD78CA1000B2A64 /* Debug */,
				2735210D2DD78CA1000B2A64 /* Release */,
			);
			defaultConfigurationIsVisible = 0;
			defaultConfigurationName = Release;
		};
		2735210E2DD78CA1000B2A64 /* Build configuration list for PBXNativeTarget "TaskSwiftUITests" */ = {
			isa = XCConfigurationList;
			buildConfigurations = (
				2735210F2DD78CA1000B2A64 /* Debug */,
				273521102DD78CA1000B2A64 /* Release */,
			);
			defaultConfigurationIsVisible = 0;
			defaultConfigurationName = Release;
		};
/* End XCConfigurationList section */
	};
	rootObject = 273520DA2DD78C9F000B2A64 /* Project object */;
}
